
Microsoft Visual Studio Solution File, Format Version 12.00
# Visual Studio Version 17
VisualStudioVersion = 17.5.002.0
MinimumVisualStudioVersion = 10.0.40219.1
Project("{9A19103F-16F7-4668-BE54-9A1E7A4F7556}") = "RentalFlix", "RentalFlix.csproj", "{4AF5A79C-7CC9-4B43-8070-FD772FF871F9}"
EndProject
Global
	GlobalSection(SolutionConfigurationPlatforms) = preSolution
		Debug|Any CPU = Debug|Any CPU
		Release|Any CPU = Release|Any CPU
	EndGlobalSection
	GlobalSection(ProjectConfigurationPlatforms) = postSolution
		{4AF5A79C-7CC9-4B43-8070-FD772FF871F9}.Debug|Any CPU.ActiveCfg = Debug|Any CPU
		{4AF5A79C-7CC9-4B43-8070-FD772FF871F9}.Debug|Any CPU.Build.0 = Debug|Any CPU
		{4AF5A79C-7CC9-4B43-8070-FD772FF871F9}.Release|Any CPU.ActiveCfg = Release|Any CPU
		{4AF5A79C-7CC9-4B43-8070-FD772FF871F9}.Release|Any CPU.Build.0 = Release|Any CPU
	EndGlobalSection
	GlobalSection(SolutionProperties) = preSolution
		HideSolutionNode = FALSE
	EndGlobalSection
	GlobalSection(ExtensibilityGlobals) = postSolution
		SolutionGuid = {DB11AC27-DF67-408A-BC67-B421B9D39805}
	EndGlobalSection
EndGlobal
